
Microsoft Visual Studio Solution File, Format Version 12.00
# Visual Studio Version 17
VisualStudioVersion = 17.5.002.0
MinimumVisualStudioVersion = 10.0.40219.1
Project("{9A19103F-16F7-4668-BE54-9A1E7A4F7556}") = "BlazorDex", "BlazorDex.csproj", "{D0DD4A55-BD6C-4F90-97A8-F5B6C44125EF}"
EndProject
Global
	GlobalSection(SolutionConfigurationPlatforms) = preSolution
		Debug|Any CPU = Debug|Any CPU
		Release|Any CPU = Release|Any CPU
	EndGlobalSection
	GlobalSection(ProjectConfigurationPlatforms) = postSolution
		{D0DD4A55-BD6C-4F90-97A8-F5B6C44125EF}.Debug|Any CPU.ActiveCfg = Debug|Any CPU
		{D0DD4A55-BD6C-4F90-97A8-F5B6C44125EF}.Debug|Any CPU.Build.0 = Debug|Any CPU
		{D0DD4A55-BD6C-4F90-97A8-F5B6C44125EF}.Release|Any CPU.ActiveCfg = Release|Any CPU
		{D0DD4A55-BD6C-4F90-97A8-F5B6C44125EF}.Release|Any CPU.Build.0 = Release|Any CPU
	EndGlobalSection
	GlobalSection(SolutionProperties) = preSolution
		HideSolutionNode = FALSE
	EndGlobalSection
	GlobalSection(ExtensibilityGlobals) = postSolution
		SolutionGuid = {08625175-25CB-45C2-8426-D16EF38E6D4C}
	EndGlobalSection
EndGlobal
